
Microsoft Visual Studio Solution File, Format Version 12.00
# Visual Studio Version 17
VisualStudioVersion = 17.5.002.0
MinimumVisualStudioVersion = 10.0.40219.1
Project("{9A19103F-16F7-4668-BE54-9A1E7A4F7556}") = "BAVCL.Tests", "BAVCL.Tests.csproj", "{EB80442A-AA5F-4084-AEFC-012B8637E04A}"
EndProject
Project("{9A19103F-16F7-4668-BE54-9A1E7A4F7556}") = "BAVCL", "..\BAVCL\BAVCL.csproj", "{EEB67279-1DEE-4E07-ACB5-5BC38C0DA92A}"
EndProject
Global
	GlobalSection(SolutionConfigurationPlatforms) = preSolution
		Debug|Any CPU = Debug|Any CPU
		Release|Any CPU = Release|Any CPU
	EndGlobalSection
	GlobalSection(ProjectConfigurationPlatforms) = postSolution
		{EB80442A-AA5F-4084-AEFC-012B8637E04A}.Debug|Any CPU.ActiveCfg = Debug|Any CPU
		{EB80442A-AA5F-4084-AEFC-012B8637E04A}.Debug|Any CPU.Build.0 = Debug|Any CPU
		{EB80442A-AA5F-4084-AEFC-012B8637E04A}.Release|Any CPU.ActiveCfg = Release|Any CPU
		{EB80442A-AA5F-4084-AEFC-012B8637E04A}.Release|Any CPU.Build.0 = Release|Any CPU
		{EEB67279-1DEE-4E07-ACB5-5BC38C0DA92A}.Debug|Any CPU.ActiveCfg = Debug|Any CPU
		{EEB67279-1DEE-4E07-ACB5-5BC38C0DA92A}.Debug|Any CPU.Build.0 = Debug|Any CPU
		{EEB67279-1DEE-4E07-ACB5-5BC38C0DA92A}.Release|Any CPU.ActiveCfg = Release|Any CPU
		{EEB67279-1DEE-4E07-ACB5-5BC38C0DA92A}.Release|Any CPU.Build.0 = Release|Any CPU
	EndGlobalSection
	GlobalSection(SolutionProperties) = preSolution
		HideSolutionNode = FALSE
	EndGlobalSection
	GlobalSection(ExtensibilityGlobals) = postSolution
		SolutionGuid = {CED87278-6A6B-4456-9E50-4824A3869972}
	EndGlobalSection
EndGlobal
